
Microsoft Visual Studio Solution File, Format Version 12.00
# Visual Studio 2012
Project("{FAE04EC0-301F-11D3-BF4B-00C04F79EFBC}") = "lakewood.iOS", "lakewood.iOS.csproj", "{3824E3B7-6DBA-4945-8D70-18912D37BFF7}"
EndProject
Global
	GlobalSection(SolutionConfigurationPlatforms) = preSolution
		Debug|iPhoneSimulator = Debug|iPhoneSimulator
		Release|iPhone = Release|iPhone
		Release|iPhoneSimulator = Release|iPhoneSimulator
		Debug|iPhone = Debug|iPhone
	EndGlobalSection
	GlobalSection(ProjectConfigurationPlatforms) = postSolution
		{3824E3B7-6DBA-4945-8D70-18912D37BFF7}.Debug|iPhoneSimulator.ActiveCfg = Debug|iPhoneSimulator
		{3824E3B7-6DBA-4945-8D70-18912D37BFF7}.Debug|iPhoneSimulator.Build.0 = Debug|iPhoneSimulator
		{3824E3B7-6DBA-4945-8D70-18912D37BFF7}.Release|iPhone.ActiveCfg = Release|iPhone
		{3824E3B7-6DBA-4945-8D70-18912D37BFF7}.Release|iPhone.Build.0 = Release|iPhone
		{3824E3B7-6DBA-4945-8D70-18912D37BFF7}.Release|iPhoneSimulator.ActiveCfg = Release|iPhoneSimulator
		{3824E3B7-6DBA-4945-8D70-18912D37BFF7}.Release|iPhoneSimulator.Build.0 = Release|iPhoneSimulator
		{3824E3B7-6DBA-4945-8D70-18912D37BFF7}.Debug|iPhone.ActiveCfg = Debug|iPhone
		{3824E3B7-6DBA-4945-8D70-18912D37BFF7}.Debug|iPhone.Build.0 = Debug|iPhone
	EndGlobalSection
EndGlobal
